
Microsoft Visual Studio Solution File, Format Version 12.00
# Visual Studio Version 17
VisualStudioVersion = 17.8.34330.188
MinimumVisualStudioVersion = 10.0.40219.1
Project("{FAE04EC0-301F-11D3-BF4B-00C04F79EFBC}") = "Restoran Yönetim Sistemi v2", "Restoran Yönetim Sistemi v2.csproj", "{C4F08245-D1F7-42BB-BD9C-4B686D6D0C9E}"
EndProject
Global
	GlobalSection(SolutionConfigurationPlatforms) = preSolution
		Debug|Any CPU = Debug|Any CPU
		Debug|x64 = Debug|x64
		Release|Any CPU = Release|Any CPU
		Release|x64 = Release|x64
	EndGlobalSection
	GlobalSection(ProjectConfigurationPlatforms) = postSolution
		{C4F08245-D1F7-42BB-BD9C-4B686D6D0C9E}.Debug|Any CPU.ActiveCfg = Debug|Any CPU
		{C4F08245-D1F7-42BB-BD9C-4B686D6D0C9E}.Debug|Any CPU.Build.0 = Debug|Any CPU
		{C4F08245-D1F7-42BB-BD9C-4B686D6D0C9E}.Debug|Any CPU.Deploy.0 = Debug|Any CPU
		{C4F08245-D1F7-42BB-BD9C-4B686D6D0C9E}.Debug|x64.ActiveCfg = Debug|x64
		{C4F08245-D1F7-42BB-BD9C-4B686D6D0C9E}.Debug|x64.Build.0 = Debug|x64
		{C4F08245-D1F7-42BB-BD9C-4B686D6D0C9E}.Debug|x64.Deploy.0 = Debug|x64
		{C4F08245-D1F7-42BB-BD9C-4B686D6D0C9E}.Release|Any CPU.ActiveCfg = Release|Any CPU
		{C4F08245-D1F7-42BB-BD9C-4B686D6D0C9E}.Release|Any CPU.Build.0 = Release|Any CPU
		{C4F08245-D1F7-42BB-BD9C-4B686D6D0C9E}.Release|Any CPU.Deploy.0 = Release|Any CPU
		{C4F08245-D1F7-42BB-BD9C-4B686D6D0C9E}.Release|x64.ActiveCfg = Release|x64
		{C4F08245-D1F7-42BB-BD9C-4B686D6D0C9E}.Release|x64.Build.0 = Release|x64
		{C4F08245-D1F7-42BB-BD9C-4B686D6D0C9E}.Release|x64.Deploy.0 = Release|x64
	EndGlobalSection
	GlobalSection(SolutionProperties) = preSolution
		HideSolutionNode = FALSE
	EndGlobalSection
	GlobalSection(ExtensibilityGlobals) = postSolution
		SolutionGuid = {3C54FDFC-C65C-4546-A6A8-80E037702B78}
	EndGlobalSection
EndGlobal
